
Microsoft Visual Studio Solution File, Format Version 12.00
# Visual Studio Version 16
VisualStudioVersion = 16.0.31321.278
MinimumVisualStudioVersion = 10.0.40219.1
Project("{FAE04EC0-301F-11D3-BF4B-00C04F79EFBC}") = "HareketSensorApp", "HareketSensorApp\HareketSensorApp.csproj", "{A4E1DDA7-14E7-4BF0-A2B1-4DFFA32CB047}"
EndProject
Global
	GlobalSection(SolutionConfigurationPlatforms) = preSolution
		Debug|Any CPU = Debug|Any CPU
		Release|Any CPU = Release|Any CPU
	EndGlobalSection
	GlobalSection(ProjectConfigurationPlatforms) = postSolution
		{A4E1DDA7-14E7-4BF0-A2B1-4DFFA32CB047}.Debug|Any CPU.ActiveCfg = Debug|Any CPU
		{A4E1DDA7-14E7-4BF0-A2B1-4DFFA32CB047}.Debug|Any CPU.Build.0 = Debug|Any CPU
		{A4E1DDA7-14E7-4BF0-A2B1-4DFFA32CB047}.Release|Any CPU.ActiveCfg = Release|Any CPU
		{A4E1DDA7-14E7-4BF0-A2B1-4DFFA32CB047}.Release|Any CPU.Build.0 = Release|Any CPU
	EndGlobalSection
	GlobalSection(SolutionProperties) = preSolution
		HideSolutionNode = FALSE
	EndGlobalSection
	GlobalSection(ExtensibilityGlobals) = postSolution
		SolutionGuid = {835162D1-2776-4965-AD34-E9FA9BA53B64}
	EndGlobalSection
EndGlobal
